
Microsoft Visual Studio Solution File, Format Version 12.00
# Visual Studio 2012
Project("{FAE04EC0-301F-11D3-BF4B-00C04F79EFBC}") = "minileadgen.core", "minileadgen.core\minileadgen.core.csproj", "{760B6252-F4DA-4D1B-A1F7-8E12952E6E06}"
EndProject
Project("{FAE04EC0-301F-11D3-BF4B-00C04F79EFBC}") = "minileadgen.core.iOS", "iOS\minileadgen.core.iOS.csproj", "{48F334D0-E756-4C8B-8F49-E8338E1B0A7F}"
EndProject
Project("{FAE04EC0-301F-11D3-BF4B-00C04F79EFBC}") = "minileadgen.core.Droid", "Droid\minileadgen.core.Droid.csproj", "{B58DA58F-D76B-4546-8560-8E7A0B5DF8D5}"
EndProject
Global
	GlobalSection(SolutionConfigurationPlatforms) = preSolution
		Debug|Any CPU = Debug|Any CPU
		Release|Any CPU = Release|Any CPU
		Debug|iPhoneSimulator = Debug|iPhoneSimulator
		Release|iPhone = Release|iPhone
		Release|iPhoneSimulator = Release|iPhoneSimulator
		Debug|iPhone = Debug|iPhone
	EndGlobalSection
	GlobalSection(ProjectConfigurationPlatforms) = postSolution
		{760B6252-F4DA-4D1B-A1F7-8E12952E6E06}.Debug|Any CPU.ActiveCfg = Debug|Any CPU
		{760B6252-F4DA-4D1B-A1F7-8E12952E6E06}.Debug|Any CPU.Build.0 = Debug|Any CPU
		{760B6252-F4DA-4D1B-A1F7-8E12952E6E06}.Release|Any CPU.ActiveCfg = Release|Any CPU
		{760B6252-F4DA-4D1B-A1F7-8E12952E6E06}.Release|Any CPU.Build.0 = Release|Any CPU
		{760B6252-F4DA-4D1B-A1F7-8E12952E6E06}.Debug|iPhoneSimulator.ActiveCfg = Debug|Any CPU
		{760B6252-F4DA-4D1B-A1F7-8E12952E6E06}.Debug|iPhoneSimulator.Build.0 = Debug|Any CPU
		{760B6252-F4DA-4D1B-A1F7-8E12952E6E06}.Release|iPhone.ActiveCfg = Release|Any CPU
		{760B6252-F4DA-4D1B-A1F7-8E12952E6E06}.Release|iPhone.Build.0 = Release|Any CPU
		{760B6252-F4DA-4D1B-A1F7-8E12952E6E06}.Release|iPhoneSimulator.ActiveCfg = Release|Any CPU
		{760B6252-F4DA-4D1B-A1F7-8E12952E6E06}.Release|iPhoneSimulator.Build.0 = Release|Any CPU
		{760B6252-F4DA-4D1B-A1F7-8E12952E6E06}.Debug|iPhone.ActiveCfg = Debug|Any CPU
		{760B6252-F4DA-4D1B-A1F7-8E12952E6E06}.Debug|iPhone.Build.0 = Debug|Any CPU
		{48F334D0-E756-4C8B-8F49-E8338E1B0A7F}.Debug|Any CPU.ActiveCfg = Debug|iPhoneSimulator
		{48F334D0-E756-4C8B-8F49-E8338E1B0A7F}.Debug|Any CPU.Build.0 = Debug|iPhoneSimulator
		{48F334D0-E756-4C8B-8F49-E8338E1B0A7F}.Release|Any CPU.ActiveCfg = Release|iPhone
		{48F334D0-E756-4C8B-8F49-E8338E1B0A7F}.Release|Any CPU.Build.0 = Release|iPhone
		{48F334D0-E756-4C8B-8F49-E8338E1B0A7F}.Debug|iPhoneSimulator.ActiveCfg = Debug|iPhoneSimulator
		{48F334D0-E756-4C8B-8F49-E8338E1B0A7F}.Debug|iPhoneSimulator.Build.0 = Debug|iPhoneSimulator
		{48F334D0-E756-4C8B-8F49-E8338E1B0A7F}.Release|iPhone.ActiveCfg = Release|iPhone
		{48F334D0-E756-4C8B-8F49-E8338E1B0A7F}.Release|iPhone.Build.0 = Release|iPhone
		{48F334D0-E756-4C8B-8F49-E8338E1B0A7F}.Release|iPhoneSimulator.ActiveCfg = Release|iPhoneSimulator
		{48F334D0-E756-4C8B-8F49-E8338E1B0A7F}.Release|iPhoneSimulator.Build.0 = Release|iPhoneSimulator
		{48F334D0-E756-4C8B-8F49-E8338E1B0A7F}.Debug|iPhone.ActiveCfg = Debug|iPhone
		{48F334D0-E756-4C8B-8F49-E8338E1B0A7F}.Debug|iPhone.Build.0 = Debug|iPhone
		{B58DA58F-D76B-4546-8560-8E7A0B5DF8D5}.Debug|Any CPU.ActiveCfg = Debug|Any CPU
		{B58DA58F-D76B-4546-8560-8E7A0B5DF8D5}.Debug|Any CPU.Build.0 = Debug|Any CPU
		{B58DA58F-D76B-4546-8560-8E7A0B5DF8D5}.Release|Any CPU.ActiveCfg = Release|Any CPU
		{B58DA58F-D76B-4546-8560-8E7A0B5DF8D5}.Release|Any CPU.Build.0 = Release|Any CPU
		{B58DA58F-D76B-4546-8560-8E7A0B5DF8D5}.Debug|iPhoneSimulator.ActiveCfg = Debug|Any CPU
		{B58DA58F-D76B-4546-8560-8E7A0B5DF8D5}.Debug|iPhoneSimulator.Build.0 = Debug|Any CPU
		{B58DA58F-D76B-4546-8560-8E7A0B5DF8D5}.Release|iPhone.ActiveCfg = Release|Any CPU
		{B58DA58F-D76B-4546-8560-8E7A0B5DF8D5}.Release|iPhone.Build.0 = Release|Any CPU
		{B58DA58F-D76B-4546-8560-8E7A0B5DF8D5}.Release|iPhoneSimulator.ActiveCfg = Release|Any CPU
		{B58DA58F-D76B-4546-8560-8E7A0B5DF8D5}.Release|iPhoneSimulator.Build.0 = Release|Any CPU
		{B58DA58F-D76B-4546-8560-8E7A0B5DF8D5}.Debug|iPhone.ActiveCfg = Debug|Any CPU
		{B58DA58F-D76B-4546-8560-8E7A0B5DF8D5}.Debug|iPhone.Build.0 = Debug|Any CPU
	EndGlobalSection
EndGlobal
